
Microsoft Visual Studio Solution File, Format Version 12.00
# Visual Studio Version 17
VisualStudioVersion = 17.7.34221.43
MinimumVisualStudioVersion = 10.0.40219.1
Project("{FAE04EC0-301F-11D3-BF4B-00C04F79EFBC}") = "obiekt dziedziczenie 7 1 delegaty", "obiekt dziedziczenie 7 1 delegaty\obiekt dziedziczenie 7 1 delegaty.csproj", "{3D462A05-D1D1-41EC-9031-755BF37924A4}"
EndProject
Global
	GlobalSection(SolutionConfigurationPlatforms) = preSolution
		Debug|Any CPU = Debug|Any CPU
		Release|Any CPU = Release|Any CPU
	EndGlobalSection
	GlobalSection(ProjectConfigurationPlatforms) = postSolution
		{3D462A05-D1D1-41EC-9031-755BF37924A4}.Debug|Any CPU.ActiveCfg = Debug|Any CPU
		{3D462A05-D1D1-41EC-9031-755BF37924A4}.Debug|Any CPU.Build.0 = Debug|Any CPU
		{3D462A05-D1D1-41EC-9031-755BF37924A4}.Release|Any CPU.ActiveCfg = Release|Any CPU
		{3D462A05-D1D1-41EC-9031-755BF37924A4}.Release|Any CPU.Build.0 = Release|Any CPU
	EndGlobalSection
	GlobalSection(SolutionProperties) = preSolution
		HideSolutionNode = FALSE
	EndGlobalSection
	GlobalSection(ExtensibilityGlobals) = postSolution
		SolutionGuid = {5EE5FEBF-8BC7-4D60-9038-6737A65014A0}
	EndGlobalSection
EndGlobal
