
Microsoft Visual Studio Solution File, Format Version 12.00
# Visual Studio Version 17
VisualStudioVersion = 17.7.34221.43
MinimumVisualStudioVersion = 10.0.40219.1
Project("{FAE04EC0-301F-11D3-BF4B-00C04F79EFBC}") = "Obiekt dziedziczenie delegaty zad 2", "Obiekt dziedziczenie delegaty zad 2\Obiekt dziedziczenie delegaty zad 2.csproj", "{80C53732-3407-41DD-93F9-3B1B617801A0}"
EndProject
Global
	GlobalSection(SolutionConfigurationPlatforms) = preSolution
		Debug|Any CPU = Debug|Any CPU
		Release|Any CPU = Release|Any CPU
	EndGlobalSection
	GlobalSection(ProjectConfigurationPlatforms) = postSolution
		{80C53732-3407-41DD-93F9-3B1B617801A0}.Debug|Any CPU.ActiveCfg = Debug|Any CPU
		{80C53732-3407-41DD-93F9-3B1B617801A0}.Debug|Any CPU.Build.0 = Debug|Any CPU
		{80C53732-3407-41DD-93F9-3B1B617801A0}.Release|Any CPU.ActiveCfg = Release|Any CPU
		{80C53732-3407-41DD-93F9-3B1B617801A0}.Release|Any CPU.Build.0 = Release|Any CPU
	EndGlobalSection
	GlobalSection(SolutionProperties) = preSolution
		HideSolutionNode = FALSE
	EndGlobalSection
	GlobalSection(ExtensibilityGlobals) = postSolution
		SolutionGuid = {1E34F90B-86B3-4259-9390-F5FD2250E0F9}
	EndGlobalSection
EndGlobal
