
Microsoft Visual Studio Solution File, Format Version 12.00
# Visual Studio Version 17
VisualStudioVersion = 17.7.34221.43
MinimumVisualStudioVersion = 10.0.40219.1
Project("{FAE04EC0-301F-11D3-BF4B-00C04F79EFBC}") = "Prog Obiekt 5", "Prog Obiekt 5\Prog Obiekt 5.csproj", "{0742E207-C244-4675-A263-C7F65C008FE6}"
EndProject
Global
	GlobalSection(SolutionConfigurationPlatforms) = preSolution
		Debug|Any CPU = Debug|Any CPU
		Release|Any CPU = Release|Any CPU
	EndGlobalSection
	GlobalSection(ProjectConfigurationPlatforms) = postSolution
		{0742E207-C244-4675-A263-C7F65C008FE6}.Debug|Any CPU.ActiveCfg = Debug|Any CPU
		{0742E207-C244-4675-A263-C7F65C008FE6}.Debug|Any CPU.Build.0 = Debug|Any CPU
		{0742E207-C244-4675-A263-C7F65C008FE6}.Release|Any CPU.ActiveCfg = Release|Any CPU
		{0742E207-C244-4675-A263-C7F65C008FE6}.Release|Any CPU.Build.0 = Release|Any CPU
	EndGlobalSection
	GlobalSection(SolutionProperties) = preSolution
		HideSolutionNode = FALSE
	EndGlobalSection
	GlobalSection(ExtensibilityGlobals) = postSolution
		SolutionGuid = {73920F72-1A4A-44E5-A5A8-DC7E97643533}
	EndGlobalSection
EndGlobal
